
Microsoft Visual Studio Solution File, Format Version 12.00
# Visual Studio 2013
VisualStudioVersion = 12.0.40629.0
MinimumVisualStudioVersion = 10.0.40219.1
Project("{FAE04EC0-301F-11D3-BF4B-00C04F79EFBC}") = "Dimon_rtm_ConsoleApplication3", "Dimon_rtm_ConsoleApplication3\Dimon_rtm_ConsoleApplication3.csproj", "{9810B129-AF1E-49FF-BB73-900ACC2D584B}"
EndProject
Global
	GlobalSection(SolutionConfigurationPlatforms) = preSolution
		Debug|Any CPU = Debug|Any CPU
		Release|Any CPU = Release|Any CPU
	EndGlobalSection
	GlobalSection(ProjectConfigurationPlatforms) = postSolution
		{9810B129-AF1E-49FF-BB73-900ACC2D584B}.Debug|Any CPU.ActiveCfg = Debug|Any CPU
		{9810B129-AF1E-49FF-BB73-900ACC2D584B}.Debug|Any CPU.Build.0 = Debug|Any CPU
		{9810B129-AF1E-49FF-BB73-900ACC2D584B}.Release|Any CPU.ActiveCfg = Release|Any CPU
		{9810B129-AF1E-49FF-BB73-900ACC2D584B}.Release|Any CPU.Build.0 = Release|Any CPU
	EndGlobalSection
	GlobalSection(SolutionProperties) = preSolution
		HideSolutionNode = FALSE
	EndGlobalSection
EndGlobal
